
Microsoft Visual Studio Solution File, Format Version 12.00
# Visual Studio Version 16
VisualStudioVersion = 16.0.31019.35
MinimumVisualStudioVersion = 10.0.40219.1
Project("{FAE04EC0-301F-11D3-BF4B-00C04F79EFBC}") = "OrdenarProdutos", "OrdenarProdutos\OrdenarProdutos.csproj", "{FD9589F7-A327-450B-8A82-C7443B523ED2}"
EndProject
Global
	GlobalSection(SolutionConfigurationPlatforms) = preSolution
		Debug|Any CPU = Debug|Any CPU
		Release|Any CPU = Release|Any CPU
	EndGlobalSection
	GlobalSection(ProjectConfigurationPlatforms) = postSolution
		{FD9589F7-A327-450B-8A82-C7443B523ED2}.Debug|Any CPU.ActiveCfg = Debug|Any CPU
		{FD9589F7-A327-450B-8A82-C7443B523ED2}.Debug|Any CPU.Build.0 = Debug|Any CPU
		{FD9589F7-A327-450B-8A82-C7443B523ED2}.Release|Any CPU.ActiveCfg = Release|Any CPU
		{FD9589F7-A327-450B-8A82-C7443B523ED2}.Release|Any CPU.Build.0 = Release|Any CPU
	EndGlobalSection
	GlobalSection(SolutionProperties) = preSolution
		HideSolutionNode = FALSE
	EndGlobalSection
	GlobalSection(ExtensibilityGlobals) = postSolution
		SolutionGuid = {D8CF66D1-B87D-4DA7-A1C7-D877E1B0064A}
	EndGlobalSection
EndGlobal
