
Microsoft Visual Studio Solution File, Format Version 12.00
# Visual Studio Version 16
VisualStudioVersion = 16.0.31019.35
MinimumVisualStudioVersion = 10.0.40219.1
Project("{FAE04EC0-301F-11D3-BF4B-00C04F79EFBC}") = "MultiplicacaoRecursiva", "MultiplicacaoRecursiva\MultiplicacaoRecursiva.csproj", "{AA8912D6-EA09-40FD-8C49-460DF202D944}"
EndProject
Global
	GlobalSection(SolutionConfigurationPlatforms) = preSolution
		Debug|Any CPU = Debug|Any CPU
		Release|Any CPU = Release|Any CPU
	EndGlobalSection
	GlobalSection(ProjectConfigurationPlatforms) = postSolution
		{AA8912D6-EA09-40FD-8C49-460DF202D944}.Debug|Any CPU.ActiveCfg = Debug|Any CPU
		{AA8912D6-EA09-40FD-8C49-460DF202D944}.Debug|Any CPU.Build.0 = Debug|Any CPU
		{AA8912D6-EA09-40FD-8C49-460DF202D944}.Release|Any CPU.ActiveCfg = Release|Any CPU
		{AA8912D6-EA09-40FD-8C49-460DF202D944}.Release|Any CPU.Build.0 = Release|Any CPU
	EndGlobalSection
	GlobalSection(SolutionProperties) = preSolution
		HideSolutionNode = FALSE
	EndGlobalSection
	GlobalSection(ExtensibilityGlobals) = postSolution
		SolutionGuid = {F80A5113-92B5-499B-A083-9B4695C7DE47}
	EndGlobalSection
EndGlobal
