
Microsoft Visual Studio Solution File, Format Version 12.00
# Visual Studio Version 16
VisualStudioVersion = 16.0.31019.35
MinimumVisualStudioVersion = 10.0.40219.1
Project("{FAE04EC0-301F-11D3-BF4B-00C04F79EFBC}") = "IgualdadeListasEncadeadas", "IgualdadeListasEncadeadas\IgualdadeListasEncadeadas.csproj", "{B553BF6E-30CD-4B26-A238-15AB30C4FB2B}"
EndProject
Project("{FAE04EC0-301F-11D3-BF4B-00C04F79EFBC}") = "Resposta", "Resposta\Resposta.csproj", "{A53856A2-CA0C-4745-AF15-5E3A7EB64694}"
EndProject
Global
	GlobalSection(SolutionConfigurationPlatforms) = preSolution
		Debug|Any CPU = Debug|Any CPU
		Release|Any CPU = Release|Any CPU
	EndGlobalSection
	GlobalSection(ProjectConfigurationPlatforms) = postSolution
		{B553BF6E-30CD-4B26-A238-15AB30C4FB2B}.Debug|Any CPU.ActiveCfg = Debug|Any CPU
		{B553BF6E-30CD-4B26-A238-15AB30C4FB2B}.Debug|Any CPU.Build.0 = Debug|Any CPU
		{B553BF6E-30CD-4B26-A238-15AB30C4FB2B}.Release|Any CPU.ActiveCfg = Release|Any CPU
		{B553BF6E-30CD-4B26-A238-15AB30C4FB2B}.Release|Any CPU.Build.0 = Release|Any CPU
		{A53856A2-CA0C-4745-AF15-5E3A7EB64694}.Debug|Any CPU.ActiveCfg = Debug|Any CPU
		{A53856A2-CA0C-4745-AF15-5E3A7EB64694}.Debug|Any CPU.Build.0 = Debug|Any CPU
		{A53856A2-CA0C-4745-AF15-5E3A7EB64694}.Release|Any CPU.ActiveCfg = Release|Any CPU
		{A53856A2-CA0C-4745-AF15-5E3A7EB64694}.Release|Any CPU.Build.0 = Release|Any CPU
	EndGlobalSection
	GlobalSection(SolutionProperties) = preSolution
		HideSolutionNode = FALSE
	EndGlobalSection
	GlobalSection(ExtensibilityGlobals) = postSolution
		SolutionGuid = {0925C4B4-1A60-47AB-A8CF-C8A40876A3C1}
	EndGlobalSection
EndGlobal
